
Microsoft Visual Studio Solution File, Format Version 12.00
# Visual Studio 15
VisualStudioVersion = 15.0.27130.2027
MinimumVisualStudioVersion = 10.0.40219.1
Project("{FAE04EC0-301F-11D3-BF4B-00C04F79EFBC}") = "ExportDataTpOfficeApp", "ExportDataTpOfficeApp\ExportDataTpOfficeApp.csproj", "{1D6B6B19-AC7A-45E0-9969-A9D3043385BC}"
EndProject
Global
	GlobalSection(SolutionConfigurationPlatforms) = preSolution
		Debug|Any CPU = Debug|Any CPU
		Release|Any CPU = Release|Any CPU
	EndGlobalSection
	GlobalSection(ProjectConfigurationPlatforms) = postSolution
		{1D6B6B19-AC7A-45E0-9969-A9D3043385BC}.Debug|Any CPU.ActiveCfg = Debug|Any CPU
		{1D6B6B19-AC7A-45E0-9969-A9D3043385BC}.Debug|Any CPU.Build.0 = Debug|Any CPU
		{1D6B6B19-AC7A-45E0-9969-A9D3043385BC}.Release|Any CPU.ActiveCfg = Release|Any CPU
		{1D6B6B19-AC7A-45E0-9969-A9D3043385BC}.Release|Any CPU.Build.0 = Release|Any CPU
	EndGlobalSection
	GlobalSection(SolutionProperties) = preSolution
		HideSolutionNode = FALSE
	EndGlobalSection
	GlobalSection(ExtensibilityGlobals) = postSolution
		SolutionGuid = {F8025451-627B-4460-91FE-161231641841}
	EndGlobalSection
EndGlobal
